<?xml version="1.0" encoding="utf-8"?>
<Project ToolsVersion="4.0" xmlns="http://schemas.microsoft.com/developer/msbuild/2003">
  <ItemGroup>
    <ClCompile Include="main.cpp" />
    <ClCompile Include="TactsuitVR.cpp" />
    <ClCompile Include="Engine.cpp" />
    <ClCompile Include="RandomSelector.cpp" />
    <ClCompile Include="api\PapyrusVRTypes.cpp" />
    <ClCompile Include="api\utils\OpenVRUtils.cpp" />
    <ClCompile Include="api\collisions\LocalOverlapObject.cpp" />
    <ClCompile Include="api\collisions\Sphere.cpp" />
    <ClCompile Include="config.cpp" />
    <ClCompile Include="MenuChecker.cpp" />
    <ClCompile Include="api\higgsinterface001.cpp" />
    <ClCompile Include="tactsuitinterface001.cpp" />
    <ClCompile Include="tactsuitpluginapi.cpp" />
  </ItemGroup>
  <ItemGroup>
    <ClInclude Include="Utility.hpp" />
    <ClInclude Include="TactsuitVR.h" />
    <ClInclude Include="Engine.h" />
    <ClInclude Include="dirent.h" />
    <ClInclude Include="include\openvr.h" />
    <ClInclude Include="api\OpenVRTypes.h" />
    <ClInclude Include="api\PapyrusVRAPI.h" />
    <ClInclude Include="api\PapyrusVRTypes.h" />
    <ClInclude Include="api\VRHookAPI.h" />
    <ClInclude Include="api\VRManagerAPI.h" />
    <ClInclude Include="api\utils\OpenVRUtils.h" />
    <ClInclude Include="api\collisions\IShape.h" />
    <ClInclude Include="api\collisions\LocalOverlapObject.h" />
    <ClInclude Include="api\collisions\Sphere.h" />
    <ClInclude Include="config.h" />
    <ClInclude Include="MenuChecker.h" />
    <ClInclude Include="Sky.h" />
    <ClInclude Include="api\higgsinterface001.h" />
    <ClInclude Include="tactsuitinterface001.h" />
    <ClInclude Include="tactsuitpluginapi.h" />
    <ClInclude Include="owo\Headers\ClientFactory.h">
      <Filter>OWO</Filter>
    </ClInclude>
    <ClInclude Include="owo\Headers\Controller\Message.h">
      <Filter>OWO</Filter>
    </ClInclude>
    <ClInclude Include="owo\Headers\Controller\Network.h">
      <Filter>OWO</Filter>
    </ClInclude>
    <ClInclude Include="owo\Headers\Controller\NotifyAbscense.h">
      <Filter>OWO</Filter>
    </ClInclude>
    <ClInclude Include="owo\Headers\Controller\OWO.h">
      <Filter>OWO</Filter>
    </ClInclude>
    <ClInclude Include="owo\Headers\Controller\ScanAvailableServers.h">
      <Filter>OWO</Filter>
    </ClInclude>
    <ClInclude Include="owo\Headers\Controller\SecretKeysVault.h">
      <Filter>OWO</Filter>
    </ClInclude>
    <ClInclude Include="owo\Headers\Controller\SendAuthMessage.h">
      <Filter>OWO</Filter>
    </ClInclude>
    <ClInclude Include="owo\Headers\Controller\SendEncryptedMessage.h">
      <Filter>OWO</Filter>
    </ClInclude>
    <ClInclude Include="owo\Headers\Controller\SendSensation.h">
      <Filter>OWO</Filter>
    </ClInclude>
    <ClInclude Include="owo\Headers\Controller\StopSensation.h">
      <Filter>OWO</Filter>
    </ClInclude>
    <ClInclude Include="owo\Headers\Controller\Authenticate.h">
      <Filter>OWO</Filter>
    </ClInclude>
    <ClInclude Include="owo\Headers\Controller\Client.h">
      <Filter>OWO</Filter>
    </ClInclude>
    <ClInclude Include="owo\Headers\Controller\FindServer.h">
      <Filter>OWO</Filter>
    </ClInclude>
    <ClInclude Include="owo\Headers\Domain\Exceptions.h">
      <Filter>OWO</Filter>
    </ClInclude>
    <ClInclude Include="owo\Headers\Domain\GameAuth.h">
      <Filter>OWO</Filter>
    </ClInclude>
    <ClInclude Include="owo\Headers\Domain\Math.h">
      <Filter>OWO</Filter>
    </ClInclude>
    <ClInclude Include="owo\Headers\Domain\Microsensation.h">
      <Filter>OWO</Filter>
    </ClInclude>
    <ClInclude Include="owo\Headers\Domain\MicroSensationParser.h">
      <Filter>OWO</Filter>
    </ClInclude>
    <ClInclude Include="owo\Headers\Domain\Muscle.h">
      <Filter>OWO</Filter>
    </ClInclude>
    <ClInclude Include="owo\Headers\Domain\MusclesGroup.h">
      <Filter>OWO</Filter>
    </ClInclude>
    <ClInclude Include="owo\Headers\Domain\MusclesParser.h">
      <Filter>OWO</Filter>
    </ClInclude>
    <ClInclude Include="owo\Headers\Domain\OWOTypes.h">
      <Filter>OWO</Filter>
    </ClInclude>
    <ClInclude Include="owo\Headers\Domain\Sensation.h">
      <Filter>OWO</Filter>
    </ClInclude>
    <ClInclude Include="owo\Headers\Domain\SensationsBaker.h">
      <Filter>OWO</Filter>
    </ClInclude>
    <ClInclude Include="owo\Headers\Domain\SensationsFactory.h">
      <Filter>OWO</Filter>
    </ClInclude>
    <ClInclude Include="owo\Headers\Domain\SensationsParser.h">
      <Filter>OWO</Filter>
    </ClInclude>
    <ClInclude Include="owo\Headers\Domain\SensationsSequence.h">
      <Filter>OWO</Filter>
    </ClInclude>
    <ClInclude Include="owo\Headers\Domain\SensationsSequenceParser.h">
      <Filter>OWO</Filter>
    </ClInclude>
    <ClInclude Include="owo\Headers\Domain\SensationWithMuscles.h">
      <Filter>OWO</Filter>
    </ClInclude>
    <ClInclude Include="owo\Headers\Domain\SensationWithMusclesParser.h">
      <Filter>OWO</Filter>
    </ClInclude>
    <ClInclude Include="owo\Headers\Domain\String.h">
      <Filter>OWO</Filter>
    </ClInclude>
    <ClInclude Include="owo\Headers\Domain\BakedSensation.h">
      <Filter>OWO</Filter>
    </ClInclude>
    <ClInclude Include="owo\Headers\Domain\BakedSensationsParser.h">
      <Filter>OWO</Filter>
    </ClInclude>
    <ClInclude Include="owo\Headers\Infrastructure\UDPNetwork.h">
      <Filter>OWO</Filter>
    </ClInclude>
  </ItemGroup>
  <ItemGroup>
    <None Include="TactsuitVR.def" />
  </ItemGroup>
  <ItemGroup>
    <Filter Include="OWO">
      <UniqueIdentifier>{e7425067-cc33-4bcf-bfd3-e7203e918483}</UniqueIdentifier>
    </Filter>
  </ItemGroup>
  <ItemGroup>
    <Library Include="owo\OWO.lib">
      <Filter>OWO</Filter>
    </Library>
  </ItemGroup>
</Project>