<?xml version="1.0" encoding="utf-8"?>
<Project ToolsVersion="4.0" xmlns="http://schemas.microsoft.com/developer/msbuild/2003">
  <ItemGroup>
    <ClCompile Include="main.cpp" />
    <ClCompile Include="TactsuitVR.cpp" />
    <ClCompile Include="Engine.cpp" />
    <ClCompile Include="RandomSelector.cpp" />
    <ClCompile Include="api\PapyrusVRTypes.cpp" />
    <ClCompile Include="api\utils\OpenVRUtils.cpp" />
    <ClCompile Include="api\collisions\LocalOverlapObject.cpp" />
    <ClCompile Include="api\collisions\Sphere.cpp" />
    <ClCompile Include="config.cpp" />
    <ClCompile Include="MenuChecker.cpp" />
    <ClCompile Include="src\commonutils.cpp">
      <Filter>bHaptics</Filter>
    </ClCompile>
    <ClCompile Include="src\easywsclient.cpp">
      <Filter>bHaptics</Filter>
    </ClCompile>
    <ClCompile Include="src\HapticLibrary.cpp">
      <Filter>bHaptics</Filter>
    </ClCompile>
    <ClCompile Include="src\hapticsManager.cpp">
      <Filter>bHaptics</Filter>
    </ClCompile>
    <ClCompile Include="src\ProjectModel.cpp">
      <Filter>bHaptics</Filter>
    </ClCompile>
    <ClCompile Include="src\timer.cpp">
      <Filter>bHaptics</Filter>
    </ClCompile>
    <ClCompile Include="src\util.cpp">
      <Filter>bHaptics</Filter>
    </ClCompile>
    <ClCompile Include="api\higgsinterface001.cpp" />
    <ClCompile Include="tactsuitinterface001.cpp" />
    <ClCompile Include="tactsuitpluginapi.cpp" />
  </ItemGroup>
  <ItemGroup>
    <ClInclude Include="Utility.hpp" />
    <ClInclude Include="TactsuitVR.h" />
    <ClInclude Include="Engine.h" />
    <ClInclude Include="dirent.h" />
    <ClInclude Include="include\openvr.h" />
    <ClInclude Include="api\OpenVRTypes.h" />
    <ClInclude Include="api\PapyrusVRAPI.h" />
    <ClInclude Include="api\PapyrusVRTypes.h" />
    <ClInclude Include="api\VRHookAPI.h" />
    <ClInclude Include="api\VRManagerAPI.h" />
    <ClInclude Include="api\utils\OpenVRUtils.h" />
    <ClInclude Include="api\collisions\IShape.h" />
    <ClInclude Include="api\collisions\LocalOverlapObject.h" />
    <ClInclude Include="api\collisions\Sphere.h" />
    <ClInclude Include="config.h" />
    <ClInclude Include="MenuChecker.h" />
    <ClInclude Include="Sky.h" />
    <ClInclude Include="src\commonutils.h">
      <Filter>bHaptics</Filter>
    </ClInclude>
    <ClInclude Include="src\easywsclient.h">
      <Filter>bHaptics</Filter>
    </ClInclude>
    <ClInclude Include="src\hapticsManager.h">
      <Filter>bHaptics</Filter>
    </ClInclude>
    <ClInclude Include="src\json.hpp">
      <Filter>bHaptics</Filter>
    </ClInclude>
    <ClInclude Include="src\ProjectModel.h">
      <Filter>bHaptics</Filter>
    </ClInclude>
    <ClInclude Include="src\timer.h">
      <Filter>bHaptics</Filter>
    </ClInclude>
    <ClInclude Include="src\util.h">
      <Filter>bHaptics</Filter>
    </ClInclude>
    <ClInclude Include="include\shared\HapticLibrary.h">
      <Filter>bHaptics</Filter>
    </ClInclude>
    <ClInclude Include="include\shared\model.h">
      <Filter>bHaptics</Filter>
    </ClInclude>
    <ClInclude Include="api\higgsinterface001.h" />
    <ClInclude Include="tactsuitinterface001.h" />
    <ClInclude Include="tactsuitpluginapi.h" />
  </ItemGroup>
  <ItemGroup>
    <None Include="TactsuitVR.def" />
  </ItemGroup>
  <ItemGroup>
    <Filter Include="bHaptics">
      <UniqueIdentifier>{286382a9-165f-4116-bcb0-607b5de42f8b}</UniqueIdentifier>
    </Filter>
  </ItemGroup>
</Project>